github.com/Strum355/go-difflib v1.1.0 h1:+rR2X3UuvIbe1Jmhx8WA7gkgjMNRscFWbHchk2RB8I4=
github.com/Strum355/go-difflib v1.1.0/go.mod h1:r1cVg1JkGsTWkaR7At56v7hfuMgiUL8meTLwxFzOmvE=
github.com/davecgh/go-spew v1.1.1 h1:vj9j/u1bqnvCEfJOwUhtlOARqs3+rkHYY13jYWTU97c=
github.com/davecgh/go-spew v1.1.1/go.mod h1:J7Y8YcW2NihsgmVo/mv3lAwl/skON4iLHjSsI+c5H38=
github.com/imdario/mergo v0.3.13 h1:lFzP57bqS/wsqKssCGmtLAb8A0wKjLGrve2q3PPVcBk=
github.com/imdario/mergo v0.3.13/go.mod h1:4lJ1jqUDcsbIECGy0RUJAXNIhg+6ocWgb1ALK2O4oXg=
github.com/teamwork/test v0.0.0-20200108114543-02621bae84ad h1:25sEr0awm0ZPancg5W5H5VvN7PWsJloUBpii10a9isw=
github.com/teamwork/test v0.0.0-20200108114543-02621bae84ad/go.mod h1:TIbx7tx6WHBjQeLRM4eWQZBL7kmBZ7/KI4x4v7Y5YmA=
github.com/teamwork/utils v1.0.1-0.20230426101410-71bb0b003654 h1:5wExUHbkpsRWC1BiavI1nlvc12KFrF/EIn1d7WEbLO8=
github.com/teamwork/utils v1.0.1-0.20230426101410-71bb0b003654/go.mod h1:9GJXyhNsP6vGDt1oNW1Rt/Aj4+pWeT8BuUHFOF7lyrw=
github.com/teamwork/utils/v2 v2.0.1 h1:+tSO+Ll4XBMVzeTzmAtM5dswzSF0kb/d9dFdRXVMsFg=
github.com/teamwork/utils/v2 v2.0.1/go.mod h1:a2xpeXNKXYgxY/3UMMXhBy5SJ03dT7xRC0cNjwtkkc4=
golang.org/x/mod v0.10.0 h1:lFO9qtOdlre5W1jxS3r/4szv2/6iXxScdzjoBMXNhYk=
golang.org/x/mod v0.10.0/go.mod h1:iBbtSCu2XBx23ZKBPSOrRkjjQPZFPuis4dIYUhu/chs=
golang.org/x/sync v0.1.0 h1:wsuoTGHzEhffawBOhz5CYhcrV4IdKZbEyZjBMuTp12o=
golang.org/x/sync v0.1.0/go.mod h1:RxMgew5VJxzue5/jJTE5uejpjVlOe/izrB70Jof72aM=
golang.org/x/sys v0.7.0 h1:3jlCCIQZPdOYu1h8BkNvLz8Kgwtae2cagcG/VamtZRU=
golang.org/x/sys v0.7.0/go.mod h1:oPkhp1MJrh7nUepCBck5+mAzfO9JrbApNNgaTdGDITg=
golang.org/x/text v0.9.0 h1:2sjJmO8cDvYveuX97RDLsxlyUxLl+GHoLxBiRdHllBE=
golang.org/x/text v0.9.0/go.mod h1:e1OnstbJyHTd6l/uOt8jFFHp6TRDWZR/bV3emEE/zU8=
golang.org/x/tools v0.8.0 h1:vSDcovVPld282ceKgDimkRSC8kpaH1dgyc9UMzlt84Y=
golang.org/x/tools v0.8.0/go.mod h1:JxBZ99ISMI5ViVkT1tr6tdNmXeTrcpVSD3vZ1RsRdN4=
gopkg.in/check.v1 v0.0.0-20161208181325-20d25e280405 h1:yhCVgyC4o1eVCa2tZl7eS0r+SDo693bJlVdllGtEeKM=
gopkg.in/check.v1 v0.0.0-20161208181325-20d25e280405/go.mod h1:Co6ibVJAznAaIkqp8huTwlJQCZ016jof/cbN4VW5Yz0=
gopkg.in/yaml.v3 v3.0.0/go.mod h1:K4uyk7z7BCEPqu6E+C64Yfv1cQ7kz7rIZviUmN+EgEM=
gopkg.in/yaml.v3 v3.0.1 h1:fxVm/GzAzEWqLHuvctI91KS9hhNmmWOoWu0XTYJS7CA=
gopkg.in/yaml.v3 v3.0.1/go.mod h1:K4uyk7z7BCEPqu6E+C64Yfv1cQ7kz7rIZviUmN+EgEM=
zgo.at/sconfig v1.2.2-0.20211017232425-870f818a71b7 h1:fw2yuIGMHzSRYrZUVOt/c1O/igkJIXorj/FNCg+tg2E=
zgo.at/sconfig v1.2.2-0.20211017232425-870f818a71b7/go.mod h1:RXEBQABoIc7RnagqaT+7BHU81g1okqSLeND/YJLZiDE=
