github.com/davecgh/go-spew v1.1.1 h1:vj9j/u1bqnvCEfJOwUhtlOARqs3+rkHYY13jYWTU97c=
github.com/davecgh/go-spew v1.1.1/go.mod h1:J7Y8YcW2NihsgmVo/mv3lAwl/skON4iLHjSsI+c5H38=
github.com/imdario/mergo v0.3.13 h1:lFzP57bqS/wsqKssCGmtLAb8A0wKjLGrve2q3PPVcBk=
github.com/imdario/mergo v0.3.13/go.mod h1:4lJ1jqUDcsbIECGy0RUJAXNIhg+6ocWgb1ALK2O4oXg=
github.com/pmezard/go-difflib v1.0.0 h1:4DBwDE0NGyQoBHbLQYPwSUPoCMWR5BEzIk/f1lZbAQM=
github.com/pmezard/go-difflib v1.0.0/go.mod h1:iKH77koFhYxTK1pcRnkKkqfTogsbg7gZNVY4sRDYZ/4=
github.com/teamwork/test v0.0.0-20181126061546-2ff8918eb6a4 h1:/ujiGN1Gf1yBNvRoXSn/c24mbyjQN+r3nXOKLXfUt+A=
github.com/teamwork/test v0.0.0-20181126061546-2ff8918eb6a4/go.mod h1:TIbx7tx6WHBjQeLRM4eWQZBL7kmBZ7/KI4x4v7Y5YmA=
github.com/teamwork/utils v0.0.0-20190114034940-d6a1f27ce92c h1:5/hkqtufOyLP25taIlo7BX9kLhw21unfjjdrOlwvFJk=
github.com/teamwork/utils v0.0.0-20190114034940-d6a1f27ce92c/go.mod h1:rmPaJUVv426LGg3QR31m1N0bfpCdCVyh3dCWsJTQeDA=
gopkg.in/check.v1 v0.0.0-20161208181325-20d25e280405 h1:yhCVgyC4o1eVCa2tZl7eS0r+SDo693bJlVdllGtEeKM=
gopkg.in/check.v1 v0.0.0-20161208181325-20d25e280405/go.mod h1:Co6ibVJAznAaIkqp8huTwlJQCZ016jof/cbN4VW5Yz0=
gopkg.in/yaml.v3 v3.0.0/go.mod h1:K4uyk7z7BCEPqu6E+C64Yfv1cQ7kz7rIZviUmN+EgEM=
gopkg.in/yaml.v3 v3.0.1 h1:fxVm/GzAzEWqLHuvctI91KS9hhNmmWOoWu0XTYJS7CA=
gopkg.in/yaml.v3 v3.0.1/go.mod h1:K4uyk7z7BCEPqu6E+C64Yfv1cQ7kz7rIZviUmN+EgEM=
zgo.at/sconfig v1.2.2-0.20211017232425-870f818a71b7 h1:fw2yuIGMHzSRYrZUVOt/c1O/igkJIXorj/FNCg+tg2E=
zgo.at/sconfig v1.2.2-0.20211017232425-870f818a71b7/go.mod h1:RXEBQABoIc7RnagqaT+7BHU81g1okqSLeND/YJLZiDE=
