# This file is autogenerated, do not edit; changes may be undone by the next 'dep ensure'.


[[projects]]
  branch = "master"
  name = "arp242.net/sconfig"
  packages = ["."]
  revision = "2a99c01765e7f3bfb02462ed1a2587305714a34d"

[[projects]]
  name = "github.com/davecgh/go-spew"
  packages = ["spew"]
  revision = "346938d642f2ec3594ed81d874461961cd0faa76"
  version = "v1.1.0"

[[projects]]
  branch = "master"
  name = "github.com/kr/pretty"
  packages = ["."]
  revision = "cfb55aafdaf3ec08f0db22699ab822c50091b1c4"

[[projects]]
  branch = "master"
  name = "github.com/kr/text"
  packages = ["."]
  revision = "7cafcd837844e784b526369c9bce262804aebc60"

[[projects]]
  name = "github.com/pmezard/go-difflib"
  packages = ["difflib"]
  revision = "792786c7400a136282c1664665ae0a8db921c6c2"
  version = "v1.0.0"

[[projects]]
  branch = "master"
  name = "github.com/teamwork/test"
  packages = [
    ".",
    "diff"
  ]
  revision = "c05874ffd3109a7224fe9caa97bf15384335beb1"

[[projects]]
  branch = "master"
  name = "github.com/teamwork/utils"
  packages = [
    "goutil",
    "sliceutil",
    "stringutil"
  ]
  revision = "5c0740014647b2f77f3479b6d152bfce40b5f64b"

[solve-meta]
  analyzer-name = "dep"
  analyzer-version = 1
  inputs-digest = "48d9bef4364a7d86e0fd02b582717c7ad51f40e98b0057c75f26c2ab5447f51f"
  solver-name = "gps-cdcl"
  solver-version = 1
