# This file is autogenerated, do not edit; changes may be undone by the next 'dep ensure'.


[[projects]]
  name = "github.com/davecgh/go-spew"
  packages = ["spew"]
  revision = "346938d642f2ec3594ed81d874461961cd0faa76"
  version = "v1.1.0"

[[projects]]
  branch = "master"
  name = "github.com/kr/pretty"
  packages = ["."]
  revision = "cfb55aafdaf3ec08f0db22699ab822c50091b1c4"

[[projects]]
  branch = "master"
  name = "github.com/kr/text"
  packages = ["."]
  revision = "7cafcd837844e784b526369c9bce262804aebc60"

[[projects]]
  name = "github.com/pmezard/go-difflib"
  packages = ["difflib"]
  revision = "792786c7400a136282c1664665ae0a8db921c6c2"
  version = "v1.0.0"

[[projects]]
  branch = "master"
  name = "github.com/teamwork/test"
  packages = [
    ".",
    "diff"
  ]
  revision = "c05874ffd3109a7224fe9caa97bf15384335beb1"

[[projects]]
  branch = "master"
  name = "github.com/teamwork/utils"
  packages = [
    "sliceutil",
    "stringutil"
  ]
  revision = "4736c1931ddc3687d67f18738c5f2173c3621091"

[[projects]]
  branch = "master"
  name = "golang.org/x/tools"
  packages = [
    "go/ast/astutil",
    "go/buildutil",
    "go/loader"
  ]
  revision = "73e16cff9e0d4a802937444bebb562458548241d"

[solve-meta]
  analyzer-name = "dep"
  analyzer-version = 1
  inputs-digest = "16a759386a7e56c1a2b14b947333dfc4f6e890541956b1bb86e59ca010b00788"
  solver-name = "gps-cdcl"
  solver-version = 1
